
Microsoft Visual Studio Solution File, Format Version 12.00
# Visual Studio Version 16
VisualStudioVersion = 16.0.31112.23
MinimumVisualStudioVersion = 10.0.40219.1
Project("{9A19103F-16F7-4668-BE54-9A1E7A4F7556}") = "Pig_Island", "Pig_Island.csproj", "{25414753-22CC-4BA1-BD9C-EBE52A8D9411}"
EndProject
Global
	GlobalSection(SolutionConfigurationPlatforms) = preSolution
		Debug|Any CPU = Debug|Any CPU
		Release|Any CPU = Release|Any CPU
	EndGlobalSection
	GlobalSection(ProjectConfigurationPlatforms) = postSolution
		{25414753-22CC-4BA1-BD9C-EBE52A8D9411}.Debug|Any CPU.ActiveCfg = Debug|Any CPU
		{25414753-22CC-4BA1-BD9C-EBE52A8D9411}.Debug|Any CPU.Build.0 = Debug|Any CPU
		{25414753-22CC-4BA1-BD9C-EBE52A8D9411}.Release|Any CPU.ActiveCfg = Release|Any CPU
		{25414753-22CC-4BA1-BD9C-EBE52A8D9411}.Release|Any CPU.Build.0 = Release|Any CPU
	EndGlobalSection
	GlobalSection(SolutionProperties) = preSolution
		HideSolutionNode = FALSE
	EndGlobalSection
	GlobalSection(ExtensibilityGlobals) = postSolution
		SolutionGuid = {6DFC4FD1-02EF-4FB7-BA36-CB666571CA0D}
	EndGlobalSection
EndGlobal
